// !$*UTF8*$!
{
	archiveVersion = 1;
	classes = {
	};
	objectVersion = 46;
	objects = {

/* Begin PBXBuildFile section */
		576964E71BDFDCD000CBB81D /* corre1.png in Resources */ = {isa = PBXBuildFile; fileRef = 576964DF1BDFDCD000CBB81D /* corre1.png */; };
		576964E81BDFDCD000CBB81D /* corre2.png in Resources */ = {isa = PBXBuildFile; fileRef = 576964E01BDFDCD000CBB81D /* corre2.png */; };
		576964E91BDFDCD000CBB81D /* corre3.png in Resources */ = {isa = PBXBuildFile; fileRef = 576964E11BDFDCD000CBB81D /* corre3.png */; };
		576964EA1BDFDCD000CBB81D /* corre4.png in Resources */ = {isa = PBXBuildFile; fileRef = 576964E21BDFDCD000CBB81D /* corre4.png */; };
		576964EB1BDFDCD000CBB81D /* corre5.png in Resources */ = {isa = PBXBuildFile; fileRef = 576964E31BDFDCD000CBB81D /* corre5.png */; };
		576964EC1BDFDCD000CBB81D /* corre6.png in Resources */ = {isa = PBXBuildFile; fileRef = 576964E41BDFDCD000CBB81D /* corre6.png */; };
		576964ED1BDFDCD000CBB81D /* corre7.png in Resources */ = {isa = PBXBuildFile; fileRef = 576964E51BDFDCD000CBB81D /* corre7.png */; };
		576964EE1BDFDCD000CBB81D /* corre8.png in Resources */ = {isa = PBXBuildFile; fileRef = 576964E61BDFDCD000CBB81D /* corre8.png */; };
		576964F01BDFEB4800CBB81D /* PlayerState.swift in Sources */ = {isa = PBXBuildFile; fileRef = 576964EF1BDFEB4800CBB81D /* PlayerState.swift */; };
		576964F31BDFEEB500CBB81D /* jump1.png in Resources */ = {isa = PBXBuildFile; fileRef = 576964F11BDFEEB500CBB81D /* jump1.png */; };
		576964F41BDFEEB500CBB81D /* jump2.png in Resources */ = {isa = PBXBuildFile; fileRef = 576964F21BDFEEB500CBB81D /* jump2.png */; };
		576964F61BDFEF3D00CBB81D /* jump3.png in Resources */ = {isa = PBXBuildFile; fileRef = 576964F51BDFEF3D00CBB81D /* jump3.png */; };
		57A558021BDEA4F600A948DE /* Uhong.swift in Sources */ = {isa = PBXBuildFile; fileRef = 57A558011BDEA4F600A948DE /* Uhong.swift */; };
		57A558051BDEA7FC00A948DE /* Dinak.swift in Sources */ = {isa = PBXBuildFile; fileRef = 57A558041BDEA7FC00A948DE /* Dinak.swift */; };
		57A558071BDEA85000A948DE /* Salamang.swift in Sources */ = {isa = PBXBuildFile; fileRef = 57A558061BDEA85000A948DE /* Salamang.swift */; };
		57A558091BDEA86000A948DE /* Neith.swift in Sources */ = {isa = PBXBuildFile; fileRef = 57A558081BDEA86000A948DE /* Neith.swift */; };
		57A558171BDEBB1C00A948DE /* idle1.png in Resources */ = {isa = PBXBuildFile; fileRef = 57A5580C1BDEBB1C00A948DE /* idle1.png */; };
		57A558181BDEBB1C00A948DE /* idle2.png in Resources */ = {isa = PBXBuildFile; fileRef = 57A5580D1BDEBB1C00A948DE /* idle2.png */; };
		57A558191BDEBB1C00A948DE /* idle3.png in Resources */ = {isa = PBXBuildFile; fileRef = 57A5580E1BDEBB1C00A948DE /* idle3.png */; };
		57A5581A1BDEBB1C00A948DE /* idle4.png in Resources */ = {isa = PBXBuildFile; fileRef = 57A5580F1BDEBB1C00A948DE /* idle4.png */; };
		57A5581B1BDEBB1C00A948DE /* idle5.png in Resources */ = {isa = PBXBuildFile; fileRef = 57A558101BDEBB1C00A948DE /* idle5.png */; };
		57A5581C1BDEBB1C00A948DE /* idle6.png in Resources */ = {isa = PBXBuildFile; fileRef = 57A558111BDEBB1C00A948DE /* idle6.png */; };
		57A5581D1BDEBB1C00A948DE /* idle7.png in Resources */ = {isa = PBXBuildFile; fileRef = 57A558121BDEBB1C00A948DE /* idle7.png */; };
		57A5581E1BDEBB1C00A948DE /* idle8.png in Resources */ = {isa = PBXBuildFile; fileRef = 57A558131BDEBB1C00A948DE /* idle8.png */; };
		57A5581F1BDEBB1C00A948DE /* idle9.png in Resources */ = {isa = PBXBuildFile; fileRef = 57A558141BDEBB1C00A948DE /* idle9.png */; };
		57A558201BDEBB1C00A948DE /* idle10.png in Resources */ = {isa = PBXBuildFile; fileRef = 57A558151BDEBB1C00A948DE /* idle10.png */; };
		57A558211BDEBB1C00A948DE /* idle11.png in Resources */ = {isa = PBXBuildFile; fileRef = 57A558161BDEBB1C00A948DE /* idle11.png */; };
		EB1214A51BD95CA700D0552F /* CGFloat+Extensions.swift in Sources */ = {isa = PBXBuildFile; fileRef = EB1214A11BD95CA700D0552F /* CGFloat+Extensions.swift */; };
		EB1214A61BD95CA700D0552F /* CGPoint+Extensions.swift in Sources */ = {isa = PBXBuildFile; fileRef = EB1214A21BD95CA700D0552F /* CGPoint+Extensions.swift */; };
		EB1214A71BD95CA700D0552F /* CGVector+Extensions.swift in Sources */ = {isa = PBXBuildFile; fileRef = EB1214A31BD95CA700D0552F /* CGVector+Extensions.swift */; };
		EB1214A81BD95CA700D0552F /* Int+Extensions.swift in Sources */ = {isa = PBXBuildFile; fileRef = EB1214A41BD95CA700D0552F /* Int+Extensions.swift */; };
		EB1214B41BD95CB000D0552F /* JoystickBase.png in Resources */ = {isa = PBXBuildFile; fileRef = EB1214AB1BD95CB000D0552F /* JoystickBase.png */; };
		EB1214B51BD95CB000D0552F /* JoystickKnob.png in Resources */ = {isa = PBXBuildFile; fileRef = EB1214AC1BD95CB000D0552F /* JoystickKnob.png */; };
		EB1214B61BD95CB000D0552F /* MFCSAnalog.swift in Sources */ = {isa = PBXBuildFile; fileRef = EB1214AD1BD95CB000D0552F /* MFCSAnalog.swift */; };
		EB1214B71BD95CB000D0552F /* MFCSCommandType.swift in Sources */ = {isa = PBXBuildFile; fileRef = EB1214AE1BD95CB000D0552F /* MFCSCommandType.swift */; };
		EB1214B81BD95CB000D0552F /* MFCSCommandView.swift in Sources */ = {isa = PBXBuildFile; fileRef = EB1214AF1BD95CB000D0552F /* MFCSCommandView.swift */; };
		EB1214B91BD95CB000D0552F /* MFCSControllerDelegate.swift in Sources */ = {isa = PBXBuildFile; fileRef = EB1214B01BD95CB000D0552F /* MFCSControllerDelegate.swift */; };
		EB1214BA1BD95CB000D0552F /* MFCSControllerMode.swift in Sources */ = {isa = PBXBuildFile; fileRef = EB1214B11BD95CB000D0552F /* MFCSControllerMode.swift */; };
		EB1214BB1BD95CB000D0552F /* MFCSControlUnit.swift in Sources */ = {isa = PBXBuildFile; fileRef = EB1214B21BD95CB000D0552F /* MFCSControlUnit.swift */; };
		EB1214BC1BD95CB000D0552F /* MFCSMovementView.swift in Sources */ = {isa = PBXBuildFile; fileRef = EB1214B31BD95CB000D0552F /* MFCSMovementView.swift */; };
		EB90575A1BD55CF200536AD1 /* AppDelegate.swift in Sources */ = {isa = PBXBuildFile; fileRef = EB9057591BD55CF200536AD1 /* AppDelegate.swift */; };
		EB90575E1BD55CF200536AD1 /* GameScene.swift in Sources */ = {isa = PBXBuildFile; fileRef = EB90575D1BD55CF200536AD1 /* GameScene.swift */; };
		EB9057601BD55CF200536AD1 /* GameViewController.swift in Sources */ = {isa = PBXBuildFile; fileRef = EB90575F1BD55CF200536AD1 /* GameViewController.swift */; };
		EB9057631BD55CF200536AD1 /* Main.storyboard in Resources */ = {isa = PBXBuildFile; fileRef = EB9057611BD55CF200536AD1 /* Main.storyboard */; };
		EB9057651BD55CF300536AD1 /* Assets.xcassets in Resources */ = {isa = PBXBuildFile; fileRef = EB9057641BD55CF300536AD1 /* Assets.xcassets */; };
		EB9057681BD55CF300536AD1 /* LaunchScreen.storyboard in Resources */ = {isa = PBXBuildFile; fileRef = EB9057661BD55CF300536AD1 /* LaunchScreen.storyboard */; };
		EB9057731BD55CF300536AD1 /* Magic_Forest_The_BattleTests.swift in Sources */ = {isa = PBXBuildFile; fileRef = EB9057721BD55CF300536AD1 /* Magic_Forest_The_BattleTests.swift */; };
		EB90577E1BD55CF300536AD1 /* Magic_Forest_The_BattleUITests.swift in Sources */ = {isa = PBXBuildFile; fileRef = EB90577D1BD55CF300536AD1 /* Magic_Forest_The_BattleUITests.swift */; };
		EB9057971BD5665F00536AD1 /* BasicLayer.swift in Sources */ = {isa = PBXBuildFile; fileRef = EB9057961BD5665F00536AD1 /* BasicLayer.swift */; };
		EB9057991BD5685300536AD1 /* BackgroundLayer.swift in Sources */ = {isa = PBXBuildFile; fileRef = EB9057981BD5685300536AD1 /* BackgroundLayer.swift */; };
		EB90579C1BD56D3200536AD1 /* ForestScenery.swift in Sources */ = {isa = PBXBuildFile; fileRef = EB90579B1BD56D3200536AD1 /* ForestScenery.swift */; };
		EB90579E1BD56F9000536AD1 /* VulcanScenery.swift in Sources */ = {isa = PBXBuildFile; fileRef = EB90579D1BD56F9000536AD1 /* VulcanScenery.swift */; };
		EB9057A11BD5709800536AD1 /* GameObject.swift in Sources */ = {isa = PBXBuildFile; fileRef = EB9057A01BD5709800536AD1 /* GameObject.swift */; };
		EB9057A31BD5712500536AD1 /* Player.swift in Sources */ = {isa = PBXBuildFile; fileRef = EB9057A21BD5712500536AD1 /* Player.swift */; };
		EB9057A51BD573B700536AD1 /* GameLayer.swift in Sources */ = {isa = PBXBuildFile; fileRef = EB9057A41BD573B700536AD1 /* GameLayer.swift */; };
		EBDF53471BE008860098AE56 /* ForestScenery_1.png in Resources */ = {isa = PBXBuildFile; fileRef = EBDF53421BE008860098AE56 /* ForestScenery_1.png */; };
		EBDF53481BE008860098AE56 /* ForestScenery_2.png in Resources */ = {isa = PBXBuildFile; fileRef = EBDF53431BE008860098AE56 /* ForestScenery_2.png */; };
		EBDF53491BE008860098AE56 /* ForestScenery_3.png in Resources */ = {isa = PBXBuildFile; fileRef = EBDF53441BE008860098AE56 /* ForestScenery_3.png */; };
		EBDF534A1BE008860098AE56 /* ForestScenery_4.png in Resources */ = {isa = PBXBuildFile; fileRef = EBDF53451BE008860098AE56 /* ForestScenery_4.png */; };
		EBDF534B1BE008860098AE56 /* ForestScenery_5.png in Resources */ = {isa = PBXBuildFile; fileRef = EBDF53461BE008860098AE56 /* ForestScenery_5.png */; };
		EBDF53501BE008A00098AE56 /* ForestSceneryPlatform_1.png in Resources */ = {isa = PBXBuildFile; fileRef = EBDF534D1BE008A00098AE56 /* ForestSceneryPlatform_1.png */; };
		EBDF53511BE008A00098AE56 /* ForestSceneryPlatform_2.png in Resources */ = {isa = PBXBuildFile; fileRef = EBDF534E1BE008A00098AE56 /* ForestSceneryPlatform_2.png */; };
		EBDF53521BE008A00098AE56 /* ForestSceneryPlatform_3.png in Resources */ = {isa = PBXBuildFile; fileRef = EBDF534F1BE008A00098AE56 /* ForestSceneryPlatform_3.png */; };
		EBDF53541BE00BAB0098AE56 /* AttackButton.png in Resources */ = {isa = PBXBuildFile; fileRef = EBDF53531BE00BAB0098AE56 /* AttackButton.png */; };
/* End PBXBuildFile section */

/* Begin PBXContainerItemProxy section */
		EB90576F1BD55CF300536AD1 /* PBXContainerItemProxy */ = {
			isa = PBXContainerItemProxy;
			containerPortal = EB90574E1BD55CF200536AD1 /* Project object */;
			proxyType = 1;
			remoteGlobalIDString = EB9057551BD55CF200536AD1;
			remoteInfo = "Magic Forest The Battle";
		};
		EB90577A1BD55CF300536AD1 /* PBXContainerItemProxy */ = {
			isa = PBXContainerItemProxy;
			containerPortal = EB90574E1BD55CF200536AD1 /* Project object */;
			proxyType = 1;
			remoteGlobalIDString = EB9057551BD55CF200536AD1;
			remoteInfo = "Magic Forest The Battle";
		};
/* End PBXContainerItemProxy section */

/* Begin PBXFileReference section */
		576964DF1BDFDCD000CBB81D /* corre1.png */ = {isa = PBXFileReference; lastKnownFileType = image.png; path = corre1.png; sourceTree = "<group>"; };
		576964E01BDFDCD000CBB81D /* corre2.png */ = {isa = PBXFileReference; lastKnownFileType = image.png; path = corre2.png; sourceTree = "<group>"; };
		576964E11BDFDCD000CBB81D /* corre3.png */ = {isa = PBXFileReference; lastKnownFileType = image.png; path = corre3.png; sourceTree = "<group>"; };
		576964E21BDFDCD000CBB81D /* corre4.png */ = {isa = PBXFileReference; lastKnownFileType = image.png; path = corre4.png; sourceTree = "<group>"; };
		576964E31BDFDCD000CBB81D /* corre5.png */ = {isa = PBXFileReference; lastKnownFileType = image.png; path = corre5.png; sourceTree = "<group>"; };
		576964E41BDFDCD000CBB81D /* corre6.png */ = {isa = PBXFileReference; lastKnownFileType = image.png; path = corre6.png; sourceTree = "<group>"; };
		576964E51BDFDCD000CBB81D /* corre7.png */ = {isa = PBXFileReference; lastKnownFileType = image.png; path = corre7.png; sourceTree = "<group>"; };
		576964E61BDFDCD000CBB81D /* corre8.png */ = {isa = PBXFileReference; lastKnownFileType = image.png; path = corre8.png; sourceTree = "<group>"; };
		576964EF1BDFEB4800CBB81D /* PlayerState.swift */ = {isa = PBXFileReference; fileEncoding = 4; lastKnownFileType = sourcecode.swift; path = PlayerState.swift; sourceTree = "<group>"; };
		576964F11BDFEEB500CBB81D /* jump1.png */ = {isa = PBXFileReference; lastKnownFileType = image.png; path = jump1.png; sourceTree = "<group>"; };
		576964F21BDFEEB500CBB81D /* jump2.png */ = {isa = PBXFileReference; lastKnownFileType = image.png; path = jump2.png; sourceTree = "<group>"; };
		576964F51BDFEF3D00CBB81D /* jump3.png */ = {isa = PBXFileReference; lastKnownFileType = image.png; path = jump3.png; sourceTree = "<group>"; };
		57A558011BDEA4F600A948DE /* Uhong.swift */ = {isa = PBXFileReference; fileEncoding = 4; lastKnownFileType = sourcecode.swift; path = Uhong.swift; sourceTree = "<group>"; };
		57A558041BDEA7FC00A948DE /* Dinak.swift */ = {isa = PBXFileReference; fileEncoding = 4; lastKnownFileType = sourcecode.swift; path = Dinak.swift; sourceTree = "<group>"; };
		57A558061BDEA85000A948DE /* Salamang.swift */ = {isa = PBXFileReference; fileEncoding = 4; lastKnownFileType = sourcecode.swift; path = Salamang.swift; sourceTree = "<group>"; };
		57A558081BDEA86000A948DE /* Neith.swift */ = {isa = PBXFileReference; fileEncoding = 4; lastKnownFileType = sourcecode.swift; path = Neith.swift; sourceTree = "<group>"; };
		57A5580C1BDEBB1C00A948DE /* idle1.png */ = {isa = PBXFileReference; lastKnownFileType = image.png; path = idle1.png; sourceTree = "<group>"; };
		57A5580D1BDEBB1C00A948DE /* idle2.png */ = {isa = PBXFileReference; lastKnownFileType = image.png; path = idle2.png; sourceTree = "<group>"; };
		57A5580E1BDEBB1C00A948DE /* idle3.png */ = {isa = PBXFileReference; lastKnownFileType = image.png; path = idle3.png; sourceTree = "<group>"; };
		57A5580F1BDEBB1C00A948DE /* idle4.png */ = {isa = PBXFileReference; lastKnownFileType = image.png; path = idle4.png; sourceTree = "<group>"; };
		57A558101BDEBB1C00A948DE /* idle5.png */ = {isa = PBXFileReference; lastKnownFileType = image.png; path = idle5.png; sourceTree = "<group>"; };
		57A558111BDEBB1C00A948DE /* idle6.png */ = {isa = PBXFileReference; lastKnownFileType = image.png; path = idle6.png; sourceTree = "<group>"; };
		57A558121BDEBB1C00A948DE /* idle7.png */ = {isa = PBXFileReference; lastKnownFileType = image.png; path = idle7.png; sourceTree = "<group>"; };
		57A558131BDEBB1C00A948DE /* idle8.png */ = {isa = PBXFileReference; lastKnownFileType = image.png; path = idle8.png; sourceTree = "<group>"; };
		57A558141BDEBB1C00A948DE /* idle9.png */ = {isa = PBXFileReference; lastKnownFileType = image.png; path = idle9.png; sourceTree = "<group>"; };
		57A558151BDEBB1C00A948DE /* idle10.png */ = {isa = PBXFileReference; lastKnownFileType = image.png; path = idle10.png; sourceTree = "<group>"; };
		57A558161BDEBB1C00A948DE /* idle11.png */ = {isa = PBXFileReference; lastKnownFileType = image.png; path = idle11.png; sourceTree = "<group>"; };
		EB1214A11BD95CA700D0552F /* CGFloat+Extensions.swift */ = {isa = PBXFileReference; fileEncoding = 4; lastKnownFileType = sourcecode.swift; path = "CGFloat+Extensions.swift"; sourceTree = "<group>"; };
		EB1214A21BD95CA700D0552F /* CGPoint+Extensions.swift */ = {isa = PBXFileReference; fileEncoding = 4; lastKnownFileType = sourcecode.swift; path = "CGPoint+Extensions.swift"; sourceTree = "<group>"; };
		EB1214A31BD95CA700D0552F /* CGVector+Extensions.swift */ = {isa = PBXFileReference; fileEncoding = 4; lastKnownFileType = sourcecode.swift; path = "CGVector+Extensions.swift"; sourceTree = "<group>"; };
		EB1214A41BD95CA700D0552F /* Int+Extensions.swift */ = {isa = PBXFileReference; fileEncoding = 4; lastKnownFileType = sourcecode.swift; path = "Int+Extensions.swift"; sourceTree = "<group>"; };
		EB1214AB1BD95CB000D0552F /* JoystickBase.png */ = {isa = PBXFileReference; lastKnownFileType = image.png; path = JoystickBase.png; sourceTree = "<group>"; };
		EB1214AC1BD95CB000D0552F /* JoystickKnob.png */ = {isa = PBXFileReference; lastKnownFileType = image.png; path = JoystickKnob.png; sourceTree = "<group>"; };
		EB1214AD1BD95CB000D0552F /* MFCSAnalog.swift */ = {isa = PBXFileReference; fileEncoding = 4; lastKnownFileType = sourcecode.swift; path = MFCSAnalog.swift; sourceTree = "<group>"; };
		EB1214AE1BD95CB000D0552F /* MFCSCommandType.swift */ = {isa = PBXFileReference; fileEncoding = 4; lastKnownFileType = sourcecode.swift; path = MFCSCommandType.swift; sourceTree = "<group>"; };
		EB1214AF1BD95CB000D0552F /* MFCSCommandView.swift */ = {isa = PBXFileReference; fileEncoding = 4; lastKnownFileType = sourcecode.swift; path = MFCSCommandView.swift; sourceTree = "<group>"; };
		EB1214B01BD95CB000D0552F /* MFCSControllerDelegate.swift */ = {isa = PBXFileReference; fileEncoding = 4; lastKnownFileType = sourcecode.swift; path = MFCSControllerDelegate.swift; sourceTree = "<group>"; };
		EB1214B11BD95CB000D0552F /* MFCSControllerMode.swift */ = {isa = PBXFileReference; fileEncoding = 4; lastKnownFileType = sourcecode.swift; path = MFCSControllerMode.swift; sourceTree = "<group>"; };
		EB1214B21BD95CB000D0552F /* MFCSControlUnit.swift */ = {isa = PBXFileReference; fileEncoding = 4; lastKnownFileType = sourcecode.swift; path = MFCSControlUnit.swift; sourceTree = "<group>"; };
		EB1214B31BD95CB000D0552F /* MFCSMovementView.swift */ = {isa = PBXFileReference; fileEncoding = 4; lastKnownFileType = sourcecode.swift; path = MFCSMovementView.swift; sourceTree = "<group>"; };
		EB9057561BD55CF200536AD1 /* Magic Forest The Battle.app */ = {isa = PBXFileReference; explicitFileType = wrapper.application; includeInIndex = 0; path = "Magic Forest The Battle.app"; sourceTree = BUILT_PRODUCTS_DIR; };
		EB9057591BD55CF200536AD1 /* AppDelegate.swift */ = {isa = PBXFileReference; lastKnownFileType = sourcecode.swift; path = AppDelegate.swift; sourceTree = "<group>"; };
		EB90575D1BD55CF200536AD1 /* GameScene.swift */ = {isa = PBXFileReference; lastKnownFileType = sourcecode.swift; path = GameScene.swift; sourceTree = "<group>"; };
		EB90575F1BD55CF200536AD1 /* GameViewController.swift */ = {isa = PBXFileReference; lastKnownFileType = sourcecode.swift; path = GameViewController.swift; sourceTree = "<group>"; };
		EB9057621BD55CF200536AD1 /* Base */ = {isa = PBXFileReference; lastKnownFileType = file.storyboard; name = Base; path = Base.lproj/Main.storyboard; sourceTree = "<group>"; };
		EB9057641BD55CF300536AD1 /* Assets.xcassets */ = {isa = PBXFileReference; lastKnownFileType = folder.assetcatalog; path = Assets.xcassets; sourceTree = "<group>"; };
		EB9057671BD55CF300536AD1 /* Base */ = {isa = PBXFileReference; lastKnownFileType = file.storyboard; name = Base; path = Base.lproj/LaunchScreen.storyboard; sourceTree = "<group>"; };
		EB9057691BD55CF300536AD1 /* Info.plist */ = {isa = PBXFileReference; lastKnownFileType = text.plist.xml; path = Info.plist; sourceTree = "<group>"; };
		EB90576E1BD55CF300536AD1 /* Magic Forest The BattleTests.xctest */ = {isa = PBXFileReference; explicitFileType = wrapper.cfbundle; includeInIndex = 0; path = "Magic Forest The BattleTests.xctest"; sourceTree = BUILT_PRODUCTS_DIR; };
		EB9057721BD55CF300536AD1 /* Magic_Forest_The_BattleTests.swift */ = {isa = PBXFileReference; lastKnownFileType = sourcecode.swift; path = Magic_Forest_The_BattleTests.swift; sourceTree = "<group>"; };
		EB9057741BD55CF300536AD1 /* Info.plist */ = {isa = PBXFileReference; lastKnownFileType = text.plist.xml; path = Info.plist; sourceTree = "<group>"; };
		EB9057791BD55CF300536AD1 /* Magic Forest The BattleUITests.xctest */ = {isa = PBXFileReference; explicitFileType = wrapper.cfbundle; includeInIndex = 0; path = "Magic Forest The BattleUITests.xctest"; sourceTree = BUILT_PRODUCTS_DIR; };
		EB90577D1BD55CF300536AD1 /* Magic_Forest_The_BattleUITests.swift */ = {isa = PBXFileReference; lastKnownFileType = sourcecode.swift; path = Magic_Forest_The_BattleUITests.swift; sourceTree = "<group>"; };
		EB90577F1BD55CF300536AD1 /* Info.plist */ = {isa = PBXFileReference; lastKnownFileType = text.plist.xml; path = Info.plist; sourceTree = "<group>"; };
		EB9057961BD5665F00536AD1 /* BasicLayer.swift */ = {isa = PBXFileReference; fileEncoding = 4; lastKnownFileType = sourcecode.swift; path = BasicLayer.swift; sourceTree = "<group>"; };
		EB9057981BD5685300536AD1 /* BackgroundLayer.swift */ = {isa = PBXFileReference; fileEncoding = 4; lastKnownFileType = sourcecode.swift; path = BackgroundLayer.swift; sourceTree = "<group>"; };
		EB90579B1BD56D3200536AD1 /* ForestScenery.swift */ = {isa = PBXFileReference; fileEncoding = 4; lastKnownFileType = sourcecode.swift; path = ForestScenery.swift; sourceTree = "<group>"; };
		EB90579D1BD56F9000536AD1 /* VulcanScenery.swift */ = {isa = PBXFileReference; fileEncoding = 4; lastKnownFileType = sourcecode.swift; path = VulcanScenery.swift; sourceTree = "<group>"; };
		EB9057A01BD5709800536AD1 /* GameObject.swift */ = {isa = PBXFileReference; fileEncoding = 4; lastKnownFileType = sourcecode.swift; path = GameObject.swift; sourceTree = "<group>"; };
		EB9057A21BD5712500536AD1 /* Player.swift */ = {isa = PBXFileReference; fileEncoding = 4; lastKnownFileType = sourcecode.swift; path = Player.swift; sourceTree = "<group>"; };
		EB9057A41BD573B700536AD1 /* GameLayer.swift */ = {isa = PBXFileReference; fileEncoding = 4; lastKnownFileType = sourcecode.swift; path = GameLayer.swift; sourceTree = "<group>"; };
		EBDF53421BE008860098AE56 /* ForestScenery_1.png */ = {isa = PBXFileReference; lastKnownFileType = image.png; path = ForestScenery_1.png; sourceTree = "<group>"; };
		EBDF53431BE008860098AE56 /* ForestScenery_2.png */ = {isa = PBXFileReference; lastKnownFileType = image.png; path = ForestScenery_2.png; sourceTree = "<group>"; };
		EBDF53441BE008860098AE56 /* ForestScenery_3.png */ = {isa = PBXFileReference; lastKnownFileType = image.png; path = ForestScenery_3.png; sourceTree = "<group>"; };
		EBDF53451BE008860098AE56 /* ForestScenery_4.png */ = {isa = PBXFileReference; lastKnownFileType = image.png; path = ForestScenery_4.png; sourceTree = "<group>"; };
		EBDF53461BE008860098AE56 /* ForestScenery_5.png */ = {isa = PBXFileReference; lastKnownFileType = image.png; path = ForestScenery_5.png; sourceTree = "<group>"; };
		EBDF534D1BE008A00098AE56 /* ForestSceneryPlatform_1.png */ = {isa = PBXFileReference; lastKnownFileType = image.png; path = ForestSceneryPlatform_1.png; sourceTree = "<group>"; };
		EBDF534E1BE008A00098AE56 /* ForestSceneryPlatform_2.png */ = {isa = PBXFileReference; lastKnownFileType = image.png; path = ForestSceneryPlatform_2.png; sourceTree = "<group>"; };
		EBDF534F1BE008A00098AE56 /* ForestSceneryPlatform_3.png */ = {isa = PBXFileReference; lastKnownFileType = image.png; path = ForestSceneryPlatform_3.png; sourceTree = "<group>"; };
		EBDF53531BE00BAB0098AE56 /* AttackButton.png */ = {isa = PBXFileReference; lastKnownFileType = image.png; path = AttackButton.png; sourceTree = "<group>"; };
/* End PBXFileReference section */

/* Begin PBXFrameworksBuildPhase section */
		EB9057531BD55CF200536AD1 /* Frameworks */ = {
			isa = PBXFrameworksBuildPhase;
			buildActionMask = 2147483647;
			files = (
			);
			runOnlyForDeploymentPostprocessing = 0;
		};
		EB90576B1BD55CF300536AD1 /* Frameworks */ = {
			isa = PBXFrameworksBuildPhase;
			buildActionMask = 2147483647;
			files = (
			);
			runOnlyForDeploymentPostprocessing = 0;
		};
		EB9057761BD55CF300536AD1 /* Frameworks */ = {
			isa = PBXFrameworksBuildPhase;
			buildActionMask = 2147483647;
			files = (
			);
			runOnlyForDeploymentPostprocessing = 0;
		};
/* End PBXFrameworksBuildPhase section */

/* Begin PBXGroup section */
		57A558031BDEA76E00A948DE /* Resources */ = {
			isa = PBXGroup;
			children = (
				EBDF53401BE008860098AE56 /* Scenery */,
				576964F11BDFEEB500CBB81D /* jump1.png */,
				576964F21BDFEEB500CBB81D /* jump2.png */,
				576964F51BDFEF3D00CBB81D /* jump3.png */,
				576964DF1BDFDCD000CBB81D /* corre1.png */,
				576964E01BDFDCD000CBB81D /* corre2.png */,
				576964E11BDFDCD000CBB81D /* corre3.png */,
				576964E21BDFDCD000CBB81D /* corre4.png */,
				576964E31BDFDCD000CBB81D /* corre5.png */,
				576964E41BDFDCD000CBB81D /* corre6.png */,
				576964E51BDFDCD000CBB81D /* corre7.png */,
				576964E61BDFDCD000CBB81D /* corre8.png */,
				57A5580C1BDEBB1C00A948DE /* idle1.png */,
				57A5580D1BDEBB1C00A948DE /* idle2.png */,
				57A5580E1BDEBB1C00A948DE /* idle3.png */,
				57A5580F1BDEBB1C00A948DE /* idle4.png */,
				57A558101BDEBB1C00A948DE /* idle5.png */,
				57A558111BDEBB1C00A948DE /* idle6.png */,
				57A558121BDEBB1C00A948DE /* idle7.png */,
				57A558131BDEBB1C00A948DE /* idle8.png */,
				57A558141BDEBB1C00A948DE /* idle9.png */,
				57A558151BDEBB1C00A948DE /* idle10.png */,
				57A558161BDEBB1C00A948DE /* idle11.png */,
			);
			name = Resources;
			sourceTree = "<group>";
		};
		EB1214A01BD95CA700D0552F /* SKTUtils */ = {
			isa = PBXGroup;
			children = (
				EB1214A11BD95CA700D0552F /* CGFloat+Extensions.swift */,
				EB1214A21BD95CA700D0552F /* CGPoint+Extensions.swift */,
				EB1214A31BD95CA700D0552F /* CGVector+Extensions.swift */,
				EB1214A41BD95CA700D0552F /* Int+Extensions.swift */,
			);
			path = SKTUtils;
			sourceTree = "<group>";
		};
		EB1214A91BD95CB000D0552F /* MagicForestControlSystem */ = {
			isa = PBXGroup;
			children = (
				EB1214AA1BD95CB000D0552F /* Assets */,
				EB1214AD1BD95CB000D0552F /* MFCSAnalog.swift */,
				EB1214AE1BD95CB000D0552F /* MFCSCommandType.swift */,
				EB1214AF1BD95CB000D0552F /* MFCSCommandView.swift */,
				EB1214B01BD95CB000D0552F /* MFCSControllerDelegate.swift */,
				EB1214B11BD95CB000D0552F /* MFCSControllerMode.swift */,
				EB1214B21BD95CB000D0552F /* MFCSControlUnit.swift */,
				EB1214B31BD95CB000D0552F /* MFCSMovementView.swift */,
			);
			path = MagicForestControlSystem;
			sourceTree = "<group>";
		};
		EB1214AA1BD95CB000D0552F /* Assets */ = {
			isa = PBXGroup;
			children = (
				EBDF53531BE00BAB0098AE56 /* AttackButton.png */,
				EB1214AB1BD95CB000D0552F /* JoystickBase.png */,
				EB1214AC1BD95CB000D0552F /* JoystickKnob.png */,
			);
			path = Assets;
			sourceTree = "<group>";
		};
		EB90574D1BD55CF200536AD1 = {
			isa = PBXGroup;
			children = (
				EB9057581BD55CF200536AD1 /* Magic Forest The Battle */,
				EB9057711BD55CF300536AD1 /* Magic Forest The BattleTests */,
				EB90577C1BD55CF300536AD1 /* Magic Forest The BattleUITests */,
				EB9057571BD55CF200536AD1 /* Products */,
			);
			sourceTree = "<group>";
		};
		EB9057571BD55CF200536AD1 /* Products */ = {
			isa = PBXGroup;
			children = (
				EB9057561BD55CF200536AD1 /* Magic Forest The Battle.app */,
				EB90576E1BD55CF300536AD1 /* Magic Forest The BattleTests.xctest */,
				EB9057791BD55CF300536AD1 /* Magic Forest The BattleUITests.xctest */,
			);
			name = Products;
			sourceTree = "<group>";
		};
		EB9057581BD55CF200536AD1 /* Magic Forest The Battle */ = {
			isa = PBXGroup;
			children = (
				57A558031BDEA76E00A948DE /* Resources */,
				EB1214A01BD95CA700D0552F /* SKTUtils */,
				EB90579F1BD5705F00536AD1 /* Entity */,
				EB1214A91BD95CB000D0552F /* MagicForestControlSystem */,
				EB9057951BD5655E00536AD1 /* Layers */,
				EB9057591BD55CF200536AD1 /* AppDelegate.swift */,
				EB90575D1BD55CF200536AD1 /* GameScene.swift */,
				EB90575F1BD55CF200536AD1 /* GameViewController.swift */,
				EB9057611BD55CF200536AD1 /* Main.storyboard */,
				EB9057641BD55CF300536AD1 /* Assets.xcassets */,
				EB9057661BD55CF300536AD1 /* LaunchScreen.storyboard */,
				EB9057691BD55CF300536AD1 /* Info.plist */,
			);
			path = "Magic Forest The Battle";
			sourceTree = "<group>";
		};
		EB9057711BD55CF300536AD1 /* Magic Forest The BattleTests */ = {
			isa = PBXGroup;
			children = (
				EB9057721BD55CF300536AD1 /* Magic_Forest_The_BattleTests.swift */,
				EB9057741BD55CF300536AD1 /* Info.plist */,
			);
			path = "Magic Forest The BattleTests";
			sourceTree = "<group>";
		};
		EB90577C1BD55CF300536AD1 /* Magic Forest The BattleUITests */ = {
			isa = PBXGroup;
			children = (
				EB90577D1BD55CF300536AD1 /* Magic_Forest_The_BattleUITests.swift */,
				EB90577F1BD55CF300536AD1 /* Info.plist */,
			);
			path = "Magic Forest The BattleUITests";
			sourceTree = "<group>";
		};
		EB9057951BD5655E00536AD1 /* Layers */ = {
			isa = PBXGroup;
			children = (
				EB9057961BD5665F00536AD1 /* BasicLayer.swift */,
				EB9057981BD5685300536AD1 /* BackgroundLayer.swift */,
				EB9057A41BD573B700536AD1 /* GameLayer.swift */,
				EB90579A1BD56CC700536AD1 /* Sceneries */,
			);
			name = Layers;
			sourceTree = "<group>";
		};
		EB90579A1BD56CC700536AD1 /* Sceneries */ = {
			isa = PBXGroup;
			children = (
				EB90579B1BD56D3200536AD1 /* ForestScenery.swift */,
				EB90579D1BD56F9000536AD1 /* VulcanScenery.swift */,
			);
			name = Sceneries;
			sourceTree = "<group>";
		};
		EB90579F1BD5705F00536AD1 /* Entity */ = {
			isa = PBXGroup;
			children = (
				EB9057A01BD5709800536AD1 /* GameObject.swift */,
				EB9057A21BD5712500536AD1 /* Player.swift */,
				57A558011BDEA4F600A948DE /* Uhong.swift */,
				57A558041BDEA7FC00A948DE /* Dinak.swift */,
				57A558061BDEA85000A948DE /* Salamang.swift */,
				57A558081BDEA86000A948DE /* Neith.swift */,
				576964EF1BDFEB4800CBB81D /* PlayerState.swift */,
			);
			name = Entity;
			sourceTree = "<group>";
		};
		EBDF53401BE008860098AE56 /* Scenery */ = {
			isa = PBXGroup;
			children = (
				EBDF53411BE008860098AE56 /* Forest */,
			);
			path = Scenery;
			sourceTree = "<group>";
		};
		EBDF53411BE008860098AE56 /* Forest */ = {
			isa = PBXGroup;
			children = (
				EBDF534C1BE008A00098AE56 /* Platform */,
				EBDF53421BE008860098AE56 /* ForestScenery_1.png */,
				EBDF53431BE008860098AE56 /* ForestScenery_2.png */,
				EBDF53441BE008860098AE56 /* ForestScenery_3.png */,
				EBDF53451BE008860098AE56 /* ForestScenery_4.png */,
				EBDF53461BE008860098AE56 /* ForestScenery_5.png */,
			);
			path = Forest;
			sourceTree = "<group>";
		};
		EBDF534C1BE008A00098AE56 /* Platform */ = {
			isa = PBXGroup;
			children = (
				EBDF534D1BE008A00098AE56 /* ForestSceneryPlatform_1.png */,
				EBDF534E1BE008A00098AE56 /* ForestSceneryPlatform_2.png */,
				EBDF534F1BE008A00098AE56 /* ForestSceneryPlatform_3.png */,
			);
			path = Platform;
			sourceTree = "<group>";
		};
/* End PBXGroup section */

/* Begin PBXNativeTarget section */
		EB9057551BD55CF200536AD1 /* Magic Forest The Battle */ = {
			isa = PBXNativeTarget;
			buildConfigurationList = EB9057821BD55CF300536AD1 /* Build configuration list for PBXNativeTarget "Magic Forest The Battle" */;
			buildPhases = (
				EB9057521BD55CF200536AD1 /* Sources */,
				EB9057531BD55CF200536AD1 /* Frameworks */,
				EB9057541BD55CF200536AD1 /* Resources */,
			);
			buildRules = (
			);
			dependencies = (
			);
			name = "Magic Forest The Battle";
			productName = "Magic Forest The Battle";
			productReference = EB9057561BD55CF200536AD1 /* Magic Forest The Battle.app */;
			productType = "com.apple.product-type.application";
		};
		EB90576D1BD55CF300536AD1 /* Magic Forest The BattleTests */ = {
			isa = PBXNativeTarget;
			buildConfigurationList = EB9057851BD55CF300536AD1 /* Build configuration list for PBXNativeTarget "Magic Forest The BattleTests" */;
			buildPhases = (
				EB90576A1BD55CF300536AD1 /* Sources */,
				EB90576B1BD55CF300536AD1 /* Frameworks */,
				EB90576C1BD55CF300536AD1 /* Resources */,
			);
			buildRules = (
			);
			dependencies = (
				EB9057701BD55CF300536AD1 /* PBXTargetDependency */,
			);
			name = "Magic Forest The BattleTests";
			productName = "Magic Forest The BattleTests";
			productReference = EB90576E1BD55CF300536AD1 /* Magic Forest The BattleTests.xctest */;
			productType = "com.apple.product-type.bundle.unit-test";
		};
		EB9057781BD55CF300536AD1 /* Magic Forest The BattleUITests */ = {
			isa = PBXNativeTarget;
			buildConfigurationList = EB9057881BD55CF300536AD1 /* Build configuration list for PBXNativeTarget "Magic Forest The BattleUITests" */;
			buildPhases = (
				EB9057751BD55CF300536AD1 /* Sources */,
				EB9057761BD55CF300536AD1 /* Frameworks */,
				EB9057771BD55CF300536AD1 /* Resources */,
			);
			buildRules = (
			);
			dependencies = (
				EB90577B1BD55CF300536AD1 /* PBXTargetDependency */,
			);
			name = "Magic Forest The BattleUITests";
			productName = "Magic Forest The BattleUITests";
			productReference = EB9057791BD55CF300536AD1 /* Magic Forest The BattleUITests.xctest */;
			productType = "com.apple.product-type.bundle.ui-testing";
		};
/* End PBXNativeTarget section */

/* Begin PBXProject section */
		EB90574E1BD55CF200536AD1 /* Project object */ = {
			isa = PBXProject;
			attributes = {
				LastUpgradeCheck = 0700;
				ORGANIZATIONNAME = "Team Magic Forest";
				TargetAttributes = {
					EB9057551BD55CF200536AD1 = {
						CreatedOnToolsVersion = 7.0.1;
					};
					EB90576D1BD55CF300536AD1 = {
						CreatedOnToolsVersion = 7.0.1;
						TestTargetID = EB9057551BD55CF200536AD1;
					};
					EB9057781BD55CF300536AD1 = {
						CreatedOnToolsVersion = 7.0.1;
						TestTargetID = EB9057551BD55CF200536AD1;
					};
				};
			};
			buildConfigurationList = EB9057511BD55CF200536AD1 /* Build configuration list for PBXProject "Magic Forest The Battle" */;
			compatibilityVersion = "Xcode 3.2";
			developmentRegion = English;
			hasScannedForEncodings = 0;
			knownRegions = (
				en,
				Base,
			);
			mainGroup = EB90574D1BD55CF200536AD1;
			productRefGroup = EB9057571BD55CF200536AD1 /* Products */;
			projectDirPath = "";
			projectRoot = "";
			targets = (
				EB9057551BD55CF200536AD1 /* Magic Forest The Battle */,
				EB90576D1BD55CF300536AD1 /* Magic Forest The BattleTests */,
				EB9057781BD55CF300536AD1 /* Magic Forest The BattleUITests */,
			);
		};
/* End PBXProject section */

/* Begin PBXResourcesBuildPhase section */
		EB9057541BD55CF200536AD1 /* Resources */ = {
			isa = PBXResourcesBuildPhase;
			buildActionMask = 2147483647;
			files = (
				EBDF53541BE00BAB0098AE56 /* AttackButton.png in Resources */,
				EBDF53501BE008A00098AE56 /* ForestSceneryPlatform_1.png in Resources */,
				576964F31BDFEEB500CBB81D /* jump1.png in Resources */,
				EBDF53511BE008A00098AE56 /* ForestSceneryPlatform_2.png in Resources */,
				576964EE1BDFDCD000CBB81D /* corre8.png in Resources */,
				576964EC1BDFDCD000CBB81D /* corre6.png in Resources */,
				EBDF53521BE008A00098AE56 /* ForestSceneryPlatform_3.png in Resources */,
				57A5581C1BDEBB1C00A948DE /* idle6.png in Resources */,
				EBDF53491BE008860098AE56 /* ForestScenery_3.png in Resources */,
				EB9057681BD55CF300536AD1 /* LaunchScreen.storyboard in Resources */,
				EBDF534B1BE008860098AE56 /* ForestScenery_5.png in Resources */,
				EB9057651BD55CF300536AD1 /* Assets.xcassets in Resources */,
				576964F41BDFEEB500CBB81D /* jump2.png in Resources */,
				57A558201BDEBB1C00A948DE /* idle10.png in Resources */,
				576964ED1BDFDCD000CBB81D /* corre7.png in Resources */,
				576964EA1BDFDCD000CBB81D /* corre4.png in Resources */,
				EB1214B41BD95CB000D0552F /* JoystickBase.png in Resources */,
				EB1214B51BD95CB000D0552F /* JoystickKnob.png in Resources */,
				57A5581E1BDEBB1C00A948DE /* idle8.png in Resources */,
				576964E71BDFDCD000CBB81D /* corre1.png in Resources */,
				57A5581D1BDEBB1C00A948DE /* idle7.png in Resources */,
				EB9057631BD55CF200536AD1 /* Main.storyboard in Resources */,
				57A5581B1BDEBB1C00A948DE /* idle5.png in Resources */,
				576964EB1BDFDCD000CBB81D /* corre5.png in Resources */,
				57A558191BDEBB1C00A948DE /* idle3.png in Resources */,
				EBDF534A1BE008860098AE56 /* ForestScenery_4.png in Resources */,
				576964E91BDFDCD000CBB81D /* corre3.png in Resources */,
				576964E81BDFDCD000CBB81D /* corre2.png in Resources */,
				57A558171BDEBB1C00A948DE /* idle1.png in Resources */,
				576964F61BDFEF3D00CBB81D /* jump3.png in Resources */,
				57A558181BDEBB1C00A948DE /* idle2.png in Resources */,
				EBDF53481BE008860098AE56 /* ForestScenery_2.png in Resources */,
				57A558211BDEBB1C00A948DE /* idle11.png in Resources */,
				57A5581A1BDEBB1C00A948DE /* idle4.png in Resources */,
				EBDF53471BE008860098AE56 /* ForestScenery_1.png in Resources */,
				57A5581F1BDEBB1C00A948DE /* idle9.png in Resources */,
			);
			runOnlyForDeploymentPostprocessing = 0;
		};
		EB90576C1BD55CF300536AD1 /* Resources */ = {
			isa = PBXResourcesBuildPhase;
			buildActionMask = 2147483647;
			files = (
			);
			runOnlyForDeploymentPostprocessing = 0;
		};
		EB9057771BD55CF300536AD1 /* Resources */ = {
			isa = PBXResourcesBuildPhase;
			buildActionMask = 2147483647;
			files = (
			);
			runOnlyForDeploymentPostprocessing = 0;
		};
/* End PBXResourcesBuildPhase section */

/* Begin PBXSourcesBuildPhase section */
		EB9057521BD55CF200536AD1 /* Sources */ = {
			isa = PBXSourcesBuildPhase;
			buildActionMask = 2147483647;
			files = (
				EB1214A51BD95CA700D0552F /* CGFloat+Extensions.swift in Sources */,
				57A558021BDEA4F600A948DE /* Uhong.swift in Sources */,
				EB90579C1BD56D3200536AD1 /* ForestScenery.swift in Sources */,
				EB9057A51BD573B700536AD1 /* GameLayer.swift in Sources */,
				EB1214B91BD95CB000D0552F /* MFCSControllerDelegate.swift in Sources */,
				EB90575E1BD55CF200536AD1 /* GameScene.swift in Sources */,
				EB90579E1BD56F9000536AD1 /* VulcanScenery.swift in Sources */,
				57A558051BDEA7FC00A948DE /* Dinak.swift in Sources */,
				EB9057601BD55CF200536AD1 /* GameViewController.swift in Sources */,
				EB1214B81BD95CB000D0552F /* MFCSCommandView.swift in Sources */,
				EB9057A11BD5709800536AD1 /* GameObject.swift in Sources */,
				EB9057991BD5685300536AD1 /* BackgroundLayer.swift in Sources */,
				EB9057971BD5665F00536AD1 /* BasicLayer.swift in Sources */,
				57A558091BDEA86000A948DE /* Neith.swift in Sources */,
				57A558071BDEA85000A948DE /* Salamang.swift in Sources */,
				EB1214B61BD95CB000D0552F /* MFCSAnalog.swift in Sources */,
				EB1214B71BD95CB000D0552F /* MFCSCommandType.swift in Sources */,
				EB9057A31BD5712500536AD1 /* Player.swift in Sources */,
				576964F01BDFEB4800CBB81D /* PlayerState.swift in Sources */,
				EB1214A61BD95CA700D0552F /* CGPoint+Extensions.swift in Sources */,
				EB1214A81BD95CA700D0552F /* Int+Extensions.swift in Sources */,
				EB1214A71BD95CA700D0552F /* CGVector+Extensions.swift in Sources */,
				EB1214BC1BD95CB000D0552F /* MFCSMovementView.swift in Sources */,
				EB90575A1BD55CF200536AD1 /* AppDelegate.swift in Sources */,
				EB1214BB1BD95CB000D0552F /* MFCSControlUnit.swift in Sources */,
				EB1214BA1BD95CB000D0552F /* MFCSControllerMode.swift in Sources */,
			);
			runOnlyForDeploymentPostprocessing = 0;
		};
		EB90576A1BD55CF300536AD1 /* Sources */ = {
			isa = PBXSourcesBuildPhase;
			buildActionMask = 2147483647;
			files = (
				EB9057731BD55CF300536AD1 /* Magic_Forest_The_BattleTests.swift in Sources */,
			);
			runOnlyForDeploymentPostprocessing = 0;
		};
		EB9057751BD55CF300536AD1 /* Sources */ = {
			isa = PBXSourcesBuildPhase;
			buildActionMask = 2147483647;
			files = (
				EB90577E1BD55CF300536AD1 /* Magic_Forest_The_BattleUITests.swift in Sources */,
			);
			runOnlyForDeploymentPostprocessing = 0;
		};
/* End PBXSourcesBuildPhase section */

/* Begin PBXTargetDependency section */
		EB9057701BD55CF300536AD1 /* PBXTargetDependency */ = {
			isa = PBXTargetDependency;
			target = EB9057551BD55CF200536AD1 /* Magic Forest The Battle */;
			targetProxy = EB90576F1BD55CF300536AD1 /* PBXContainerItemProxy */;
		};
		EB90577B1BD55CF300536AD1 /* PBXTargetDependency */ = {
			isa = PBXTargetDependency;
			target = EB9057551BD55CF200536AD1 /* Magic Forest The Battle */;
			targetProxy = EB90577A1BD55CF300536AD1 /* PBXContainerItemProxy */;
		};
/* End PBXTargetDependency section */

/* Begin PBXVariantGroup section */
		EB9057611BD55CF200536AD1 /* Main.storyboard */ = {
			isa = PBXVariantGroup;
			children = (
				EB9057621BD55CF200536AD1 /* Base */,
			);
			name = Main.storyboard;
			sourceTree = "<group>";
		};
		EB9057661BD55CF300536AD1 /* LaunchScreen.storyboard */ = {
			isa = PBXVariantGroup;
			children = (
				EB9057671BD55CF300536AD1 /* Base */,
			);
			name = LaunchScreen.storyboard;
			sourceTree = "<group>";
		};
/* End PBXVariantGroup section */

/* Begin XCBuildConfiguration section */
		EB9057801BD55CF300536AD1 /* Debug */ = {
			isa = XCBuildConfiguration;
			buildSettings = {
				ALWAYS_SEARCH_USER_PATHS = NO;
				CLANG_CXX_LANGUAGE_STANDARD = "gnu++0x";
				CLANG_CXX_LIBRARY = "libc++";
				CLANG_ENABLE_MODULES = YES;
				CLANG_ENABLE_OBJC_ARC = YES;
				CLANG_WARN_BOOL_CONVERSION = YES;
				CLANG_WARN_CONSTANT_CONVERSION = YES;
				CLANG_WARN_DIRECT_OBJC_ISA_USAGE = YES_ERROR;
				CLANG_WARN_EMPTY_BODY = YES;
				CLANG_WARN_ENUM_CONVERSION = YES;
				CLANG_WARN_INT_CONVERSION = YES;
				CLANG_WARN_OBJC_ROOT_CLASS = YES_ERROR;
				CLANG_WARN_UNREACHABLE_CODE = YES;
				CLANG_WARN__DUPLICATE_METHOD_MATCH = YES;
				"CODE_SIGN_IDENTITY[sdk=iphoneos*]" = "iPhone Developer";
				COPY_PHASE_STRIP = NO;
				DEBUG_INFORMATION_FORMAT = "dwarf-with-dsym";
				ENABLE_STRICT_OBJC_MSGSEND = YES;
				ENABLE_TESTABILITY = YES;
				GCC_C_LANGUAGE_STANDARD = gnu99;
				GCC_DYNAMIC_NO_PIC = NO;
				GCC_NO_COMMON_BLOCKS = YES;
				GCC_OPTIMIZATION_LEVEL = 0;
				GCC_PREPROCESSOR_DEFINITIONS = (
					"DEBUG=1",
					"$(inherited)",
				);
				GCC_WARN_64_TO_32_BIT_CONVERSION = YES;
				GCC_WARN_ABOUT_RETURN_TYPE = YES_ERROR;
				GCC_WARN_UNDECLARED_SELECTOR = YES;
				GCC_WARN_UNINITIALIZED_AUTOS = YES_AGGRESSIVE;
				GCC_WARN_UNUSED_FUNCTION = YES;
				GCC_WARN_UNUSED_VARIABLE = YES;
				IPHONEOS_DEPLOYMENT_TARGET = 9.0;
				MTL_ENABLE_DEBUG_INFO = YES;
				ONLY_ACTIVE_ARCH = YES;
				SDKROOT = iphoneos;
				SWIFT_OPTIMIZATION_LEVEL = "-Onone";
				TARGETED_DEVICE_FAMILY = "1,2";
			};
			name = Debug;
		};
		EB9057811BD55CF300536AD1 /* Release */ = {
			isa = XCBuildConfiguration;
			buildSettings = {
				ALWAYS_SEARCH_USER_PATHS = NO;
				CLANG_CXX_LANGUAGE_STANDARD = "gnu++0x";
				CLANG_CXX_LIBRARY = "libc++";
				CLANG_ENABLE_MODULES = YES;
				CLANG_ENABLE_OBJC_ARC = YES;
				CLANG_WARN_BOOL_CONVERSION = YES;
				CLANG_WARN_CONSTANT_CONVERSION = YES;
				CLANG_WARN_DIRECT_OBJC_ISA_USAGE = YES_ERROR;
				CLANG_WARN_EMPTY_BODY = YES;
				CLANG_WARN_ENUM_CONVERSION = YES;
				CLANG_WARN_INT_CONVERSION = YES;
				CLANG_WARN_OBJC_ROOT_CLASS = YES_ERROR;
				CLANG_WARN_UNREACHABLE_CODE = YES;
				CLANG_WARN__DUPLICATE_METHOD_MATCH = YES;
				"CODE_SIGN_IDENTITY[sdk=iphoneos*]" = "iPhone Developer";
				COPY_PHASE_STRIP = NO;
				DEBUG_INFORMATION_FORMAT = "dwarf-with-dsym";
				ENABLE_NS_ASSERTIONS = NO;
				ENABLE_STRICT_OBJC_MSGSEND = YES;
				GCC_C_LANGUAGE_STANDARD = gnu99;
				GCC_NO_COMMON_BLOCKS = YES;
				GCC_WARN_64_TO_32_BIT_CONVERSION = YES;
				GCC_WARN_ABOUT_RETURN_TYPE = YES_ERROR;
				GCC_WARN_UNDECLARED_SELECTOR = YES;
				GCC_WARN_UNINITIALIZED_AUTOS = YES_AGGRESSIVE;
				GCC_WARN_UNUSED_FUNCTION = YES;
				GCC_WARN_UNUSED_VARIABLE = YES;
				IPHONEOS_DEPLOYMENT_TARGET = 9.0;
				MTL_ENABLE_DEBUG_INFO = NO;
				SDKROOT = iphoneos;
				TARGETED_DEVICE_FAMILY = "1,2";
				VALIDATE_PRODUCT = YES;
			};
			name = Release;
		};
		EB9057831BD55CF300536AD1 /* Debug */ = {
			isa = XCBuildConfiguration;
			buildSettings = {
				ASSETCATALOG_COMPILER_APPICON_NAME = AppIcon;
				INFOPLIST_FILE = "Magic Forest The Battle/Info.plist";
				LD_RUNPATH_SEARCH_PATHS = "$(inherited) @executable_path/Frameworks";
				PRODUCT_BUNDLE_IDENTIFIER = "com.pedrogmoreria93.Magic-Forest-The-Battle";
				PRODUCT_NAME = "$(TARGET_NAME)";
			};
			name = Debug;
		};
		EB9057841BD55CF300536AD1 /* Release */ = {
			isa = XCBuildConfiguration;
			buildSettings = {
				ASSETCATALOG_COMPILER_APPICON_NAME = AppIcon;
				INFOPLIST_FILE = "Magic Forest The Battle/Info.plist";
				LD_RUNPATH_SEARCH_PATHS = "$(inherited) @executable_path/Frameworks";
				PRODUCT_BUNDLE_IDENTIFIER = "com.pedrogmoreria93.Magic-Forest-The-Battle";
				PRODUCT_NAME = "$(TARGET_NAME)";
			};
			name = Release;
		};
		EB9057861BD55CF300536AD1 /* Debug */ = {
			isa = XCBuildConfiguration;
			buildSettings = {
				BUNDLE_LOADER = "$(TEST_HOST)";
				DEBUG_INFORMATION_FORMAT = dwarf;
				INFOPLIST_FILE = "Magic Forest The BattleTests/Info.plist";
				LD_RUNPATH_SEARCH_PATHS = "$(inherited) @executable_path/Frameworks @loader_path/Frameworks";
				PRODUCT_BUNDLE_IDENTIFIER = "com.pedrogmoreria93.Magic-Forest-The-BattleTests";
				PRODUCT_NAME = "$(TARGET_NAME)";
				TEST_HOST = "$(BUILT_PRODUCTS_DIR)/Magic Forest The Battle.app/Magic Forest The Battle";
			};
			name = Debug;
		};
		EB9057871BD55CF300536AD1 /* Release */ = {
			isa = XCBuildConfiguration;
			buildSettings = {
				BUNDLE_LOADER = "$(TEST_HOST)";
				INFOPLIST_FILE = "Magic Forest The BattleTests/Info.plist";
				LD_RUNPATH_SEARCH_PATHS = "$(inherited) @executable_path/Frameworks @loader_path/Frameworks";
				PRODUCT_BUNDLE_IDENTIFIER = "com.pedrogmoreria93.Magic-Forest-The-BattleTests";
				PRODUCT_NAME = "$(TARGET_NAME)";
				TEST_HOST = "$(BUILT_PRODUCTS_DIR)/Magic Forest The Battle.app/Magic Forest The Battle";
			};
			name = Release;
		};
		EB9057891BD55CF300536AD1 /* Debug */ = {
			isa = XCBuildConfiguration;
			buildSettings = {
				DEBUG_INFORMATION_FORMAT = dwarf;
				INFOPLIST_FILE = "Magic Forest The BattleUITests/Info.plist";
				LD_RUNPATH_SEARCH_PATHS = "$(inherited) @executable_path/Frameworks @loader_path/Frameworks";
				PRODUCT_BUNDLE_IDENTIFIER = "com.pedrogmoreria93.Magic-Forest-The-BattleUITests";
				PRODUCT_NAME = "$(TARGET_NAME)";
				TEST_TARGET_NAME = "Magic Forest The Battle";
				USES_XCTRUNNER = YES;
			};
			name = Debug;
		};
		EB90578A1BD55CF300536AD1 /* Release */ = {
			isa = XCBuildConfiguration;
			buildSettings = {
				INFOPLIST_FILE = "Magic Forest The BattleUITests/Info.plist";
				LD_RUNPATH_SEARCH_PATHS = "$(inherited) @executable_path/Frameworks @loader_path/Frameworks";
				PRODUCT_BUNDLE_IDENTIFIER = "com.pedrogmoreria93.Magic-Forest-The-BattleUITests";
				PRODUCT_NAME = "$(TARGET_NAME)";
				TEST_TARGET_NAME = "Magic Forest The Battle";
				USES_XCTRUNNER = YES;
			};
			name = Release;
		};
/* End XCBuildConfiguration section */

/* Begin XCConfigurationList section */
		EB9057511BD55CF200536AD1 /* Build configuration list for PBXProject "Magic Forest The Battle" */ = {
			isa = XCConfigurationList;
			buildConfigurations = (
				EB9057801BD55CF300536AD1 /* Debug */,
				EB9057811BD55CF300536AD1 /* Release */,
			);
			defaultConfigurationIsVisible = 0;
			defaultConfigurationName = Release;
		};
		EB9057821BD55CF300536AD1 /* Build configuration list for PBXNativeTarget "Magic Forest The Battle" */ = {
			isa = XCConfigurationList;
			buildConfigurations = (
				EB9057831BD55CF300536AD1 /* Debug */,
				EB9057841BD55CF300536AD1 /* Release */,
			);
			defaultConfigurationIsVisible = 0;
			defaultConfigurationName = Release;
		};
		EB9057851BD55CF300536AD1 /* Build configuration list for PBXNativeTarget "Magic Forest The BattleTests" */ = {
			isa = XCConfigurationList;
			buildConfigurations = (
				EB9057861BD55CF300536AD1 /* Debug */,
				EB9057871BD55CF300536AD1 /* Release */,
			);
			defaultConfigurationIsVisible = 0;
			defaultConfigurationName = Release;
		};
		EB9057881BD55CF300536AD1 /* Build configuration list for PBXNativeTarget "Magic Forest The BattleUITests" */ = {
			isa = XCConfigurationList;
			buildConfigurations = (
				EB9057891BD55CF300536AD1 /* Debug */,
				EB90578A1BD55CF300536AD1 /* Release */,
			);
			defaultConfigurationIsVisible = 0;
			defaultConfigurationName = Release;
		};
/* End XCConfigurationList section */
	};
	rootObject = EB90574E1BD55CF200536AD1 /* Project object */;
}
